// !$*UTF8*$!
{
	archiveVersion = 1;
	classes = {
	};
	objectVersion = 77;
	objects = {

/* Begin PBXBuildFile section */
		9114DB422DB11A8500DD5E6E /* ButtonKit in Frameworks */ = {isa = PBXBuildFile; productRef = 9114DB412DB11A8500DD5E6E /* ButtonKit */; };
		9114DB572DBBC73F00DD5E6E /* SwiftUIIntrospect in Frameworks */ = {isa = PBXBuildFile; productRef = 9114DB562DBBC73F00DD5E6E /* SwiftUIIntrospect */; };
		91489B862D6A6C6C0038092A /* SFSafeSymbols in Frameworks */ = {isa = PBXBuildFile; productRef = 91489B852D6A6C6C0038092A /* SFSafeSymbols */; };
		91775F5E2D93729F002589C5 /* Noise in Frameworks */ = {isa = PBXBuildFile; productRef = 91775F5D2D93729F002589C5 /* Noise */; };
		9182FEF12D976DD500FED9D4 /* LNPopupUI-Static in Frameworks */ = {isa = PBXBuildFile; platformFilter = ios; productRef = 9182FEF02D976DD500FED9D4 /* LNPopupUI-Static */; };
		9182FEF42D97757000FED9D4 /* OpenAI in Frameworks */ = {isa = PBXBuildFile; productRef = 9182FEF32D97757000FED9D4 /* OpenAI */; };
		9185FD1D2D8E188D008E3B29 /* KeychainStorageKit in Frameworks */ = {isa = PBXBuildFile; productRef = 9185FD1C2D8E188D008E3B29 /* KeychainStorageKit */; };
		91A142152CDEA27E000A74BC /* LaunchAtLogin in Frameworks */ = {isa = PBXBuildFile; platformFilters = (macos, ); productRef = 91A142142CDEA27E000A74BC /* LaunchAtLogin */; };
		91F55B3A2CFE5D300027BBFE /* AsyncAlgorithms in Frameworks */ = {isa = PBXBuildFile; productRef = 91F55B392CFE5D300027BBFE /* AsyncAlgorithms */; };
/* End PBXBuildFile section */

/* Begin PBXFileReference section */
		91A141E02CDE3988000A74BC /* swmpc.app */ = {isa = PBXFileReference; explicitFileType = wrapper.application; includeInIndex = 0; path = swmpc.app; sourceTree = BUILT_PRODUCTS_DIR; };
/* End PBXFileReference section */

/* Begin PBXFileSystemSynchronizedBuildFileExceptionSet section */
		91775F042D93410C002589C5 /* Exceptions for "Assets" folder in "swmpc" target */ = {
			isa = PBXFileSystemSynchronizedBuildFileExceptionSet;
			membershipExceptions = (
				App.webp,
				Download.svg,
				Icon.webp,
				Popover.webp,
			);
			target = 91A141DF2CDE3988000A74BC /* swmpc */;
		};
		9182FEF52D97764600FED9D4 /* Exceptions for "swmpc" folder in "swmpc" target */ = {
			isa = PBXFileSystemSynchronizedBuildFileExceptionSet;
			membershipExceptions = (
				Info.plist,
			);
			platformFiltersByRelativePath = {
				Views/Content/Destinations/Lists/PlaylistsView.swift = (ios, );
				Views/Content/HeaderView.swift = (macos, );
				Views/Popover/PopoverFooterView.swift = (macos, );
				Views/Popover/PopoverView.swift = (macos, );
				Views/Sidebar/SidebarView.swift = (macos, );
			};
			target = 91A141DF2CDE3988000A74BC /* swmpc */;
		};
/* End PBXFileSystemSynchronizedBuildFileExceptionSet section */

/* Begin PBXFileSystemSynchronizedRootGroup section */
		9183AF022D4BB8DF00CDC987 /* Assets */ = {
			isa = PBXFileSystemSynchronizedRootGroup;
			exceptions = (
				91775F042D93410C002589C5 /* Exceptions for "Assets" folder in "swmpc" target */,
			);
			path = Assets;
			sourceTree = "<group>";
		};
		91A141E22CDE3988000A74BC /* swmpc */ = {
			isa = PBXFileSystemSynchronizedRootGroup;
			exceptions = (
				9182FEF52D97764600FED9D4 /* Exceptions for "swmpc" folder in "swmpc" target */,
			);
			path = swmpc;
			sourceTree = "<group>";
		};
/* End PBXFileSystemSynchronizedRootGroup section */

/* Begin PBXFrameworksBuildPhase section */
		91A141DD2CDE3988000A74BC /* Frameworks */ = {
			isa = PBXFrameworksBuildPhase;
			buildActionMask = 2147483647;
			files = (
				9114DB572DBBC73F00DD5E6E /* SwiftUIIntrospect in Frameworks */,
				91A142152CDEA27E000A74BC /* LaunchAtLogin in Frameworks */,
				9182FEF12D976DD500FED9D4 /* LNPopupUI-Static in Frameworks */,
				9182FEF42D97757000FED9D4 /* OpenAI in Frameworks */,
				91775F5E2D93729F002589C5 /* Noise in Frameworks */,
				91489B862D6A6C6C0038092A /* SFSafeSymbols in Frameworks */,
				9114DB422DB11A8500DD5E6E /* ButtonKit in Frameworks */,
				91F55B3A2CFE5D300027BBFE /* AsyncAlgorithms in Frameworks */,
				9185FD1D2D8E188D008E3B29 /* KeychainStorageKit in Frameworks */,
			);
			runOnlyForDeploymentPostprocessing = 0;
		};
/* End PBXFrameworksBuildPhase section */

/* Begin PBXGroup section */
		9182FEF22D97757000FED9D4 /* Frameworks */ = {
			isa = PBXGroup;
			children = (
			);
			name = Frameworks;
			sourceTree = "<group>";
		};
		91A141D72CDE3987000A74BC = {
			isa = PBXGroup;
			children = (
				9183AF022D4BB8DF00CDC987 /* Assets */,
				91A141E22CDE3988000A74BC /* swmpc */,
				9182FEF22D97757000FED9D4 /* Frameworks */,
				91A141E12CDE3988000A74BC /* Products */,
			);
			sourceTree = "<group>";
		};
		91A141E12CDE3988000A74BC /* Products */ = {
			isa = PBXGroup;
			children = (
				91A141E02CDE3988000A74BC /* swmpc.app */,
			);
			name = Products;
			sourceTree = "<group>";
		};
/* End PBXGroup section */

/* Begin PBXNativeTarget section */
		91A141DF2CDE3988000A74BC /* swmpc */ = {
			isa = PBXNativeTarget;
			buildConfigurationList = 91A141EF2CDE398A000A74BC /* Build configuration list for PBXNativeTarget "swmpc" */;
			buildPhases = (
				91A141DC2CDE3988000A74BC /* Sources */,
				91A141DD2CDE3988000A74BC /* Frameworks */,
				91A141DE2CDE3988000A74BC /* Resources */,
			);
			buildRules = (
			);
			dependencies = (
			);
			fileSystemSynchronizedGroups = (
				9183AF022D4BB8DF00CDC987 /* Assets */,
				91A141E22CDE3988000A74BC /* swmpc */,
			);
			name = swmpc;
			packageProductDependencies = (
				91A142142CDEA27E000A74BC /* LaunchAtLogin */,
				91F55B392CFE5D300027BBFE /* AsyncAlgorithms */,
				91489B852D6A6C6C0038092A /* SFSafeSymbols */,
				9185FD1C2D8E188D008E3B29 /* KeychainStorageKit */,
				91775F5D2D93729F002589C5 /* Noise */,
				9182FEF02D976DD500FED9D4 /* LNPopupUI-Static */,
				9182FEF32D97757000FED9D4 /* OpenAI */,
				9114DB412DB11A8500DD5E6E /* ButtonKit */,
				9114DB562DBBC73F00DD5E6E /* SwiftUIIntrospect */,
			);
			productName = swmpc;
			productReference = 91A141E02CDE3988000A74BC /* swmpc.app */;
			productType = "com.apple.product-type.application";
		};
/* End PBXNativeTarget section */

/* Begin PBXProject section */
		91A141D82CDE3987000A74BC /* Project object */ = {
			isa = PBXProject;
			attributes = {
				BuildIndependentTargetsInParallel = 1;
				LastSwiftUpdateCheck = 1620;
				LastUpgradeCheck = 1630;
				TargetAttributes = {
					91A141DF2CDE3988000A74BC = {
						CreatedOnToolsVersion = 16.1;
					};
				};
			};
			buildConfigurationList = 91A141DB2CDE3987000A74BC /* Build configuration list for PBXProject "swmpc" */;
			developmentRegion = en;
			hasScannedForEncodings = 0;
			knownRegions = (
				en,
				Base,
				nl,
				"zh-Hans",
			);
			mainGroup = 91A141D72CDE3987000A74BC;
			minimizedProjectReferenceProxies = 1;
			packageReferences = (
				91A142132CDEA27E000A74BC /* XCRemoteSwiftPackageReference "LaunchAtLogin-Modern" */,
				91F55B382CFE5D300027BBFE /* XCRemoteSwiftPackageReference "swift-async-algorithms" */,
				91489B842D6A6C6C0038092A /* XCRemoteSwiftPackageReference "SFSafeSymbols" */,
				91489BC22D7648350038092A /* XCRemoteSwiftPackageReference "OpenAI" */,
				9185FD1B2D8E188D008E3B29 /* XCRemoteSwiftPackageReference "KeychainStorageKit" */,
				91775F452D934EBC002589C5 /* XCRemoteSwiftPackageReference "LNPopupUI" */,
				91775F5C2D93729F002589C5 /* XCRemoteSwiftPackageReference "Noise" */,
				9114DB402DB11A8500DD5E6E /* XCRemoteSwiftPackageReference "ButtonKit" */,
				9114DB552DBBC73F00DD5E6E /* XCRemoteSwiftPackageReference "swiftui-introspect" */,
			);
			preferredProjectObjectVersion = 77;
			productRefGroup = 91A141E12CDE3988000A74BC /* Products */;
			projectDirPath = "";
			projectRoot = "";
			targets = (
				91A141DF2CDE3988000A74BC /* swmpc */,
			);
		};
/* End PBXProject section */

/* Begin PBXResourcesBuildPhase section */
		91A141DE2CDE3988000A74BC /* Resources */ = {
			isa = PBXResourcesBuildPhase;
			buildActionMask = 2147483647;
			files = (
			);
			runOnlyForDeploymentPostprocessing = 0;
		};
/* End PBXResourcesBuildPhase section */

/* Begin PBXSourcesBuildPhase section */
		91A141DC2CDE3988000A74BC /* Sources */ = {
			isa = PBXSourcesBuildPhase;
			buildActionMask = 2147483647;
			files = (
			);
			runOnlyForDeploymentPostprocessing = 0;
		};
/* End PBXSourcesBuildPhase section */

/* Begin XCBuildConfiguration section */
		91A141ED2CDE398A000A74BC /* Debug */ = {
			isa = XCBuildConfiguration;
			buildSettings = {
				ALWAYS_SEARCH_USER_PATHS = NO;
				ASSETCATALOG_COMPILER_GENERATE_SWIFT_ASSET_SYMBOL_EXTENSIONS = YES;
				CLANG_ANALYZER_LOCALIZABILITY_NONLOCALIZED = YES;
				CLANG_ANALYZER_NONNULL = YES;
				CLANG_ANALYZER_NUMBER_OBJECT_CONVERSION = YES_AGGRESSIVE;
				CLANG_CXX_LANGUAGE_STANDARD = "gnu++20";
				CLANG_ENABLE_MODULES = YES;
				CLANG_ENABLE_OBJC_ARC = YES;
				CLANG_ENABLE_OBJC_WEAK = YES;
				CLANG_WARN_BLOCK_CAPTURE_AUTORELEASING = YES;
				CLANG_WARN_BOOL_CONVERSION = YES;
				CLANG_WARN_COMMA = YES;
				CLANG_WARN_CONSTANT_CONVERSION = YES;
				CLANG_WARN_DEPRECATED_OBJC_IMPLEMENTATIONS = YES;
				CLANG_WARN_DIRECT_OBJC_ISA_USAGE = YES_ERROR;
				CLANG_WARN_DOCUMENTATION_COMMENTS = YES;
				CLANG_WARN_EMPTY_BODY = YES;
				CLANG_WARN_ENUM_CONVERSION = YES;
				CLANG_WARN_INFINITE_RECURSION = YES;
				CLANG_WARN_INT_CONVERSION = YES;
				CLANG_WARN_NON_LITERAL_NULL_CONVERSION = YES;
				CLANG_WARN_OBJC_IMPLICIT_RETAIN_SELF = YES;
				CLANG_WARN_OBJC_LITERAL_CONVERSION = YES;
				CLANG_WARN_OBJC_ROOT_CLASS = YES_ERROR;
				CLANG_WARN_QUOTED_INCLUDE_IN_FRAMEWORK_HEADER = YES;
				CLANG_WARN_RANGE_LOOP_ANALYSIS = YES;
				CLANG_WARN_STRICT_PROTOTYPES = YES;
				CLANG_WARN_SUSPICIOUS_MOVE = YES;
				CLANG_WARN_UNGUARDED_AVAILABILITY = YES_AGGRESSIVE;
				CLANG_WARN_UNREACHABLE_CODE = YES;
				CLANG_WARN__DUPLICATE_METHOD_MATCH = YES;
				COPY_PHASE_STRIP = NO;
				DEAD_CODE_STRIPPING = YES;
				DEBUG_INFORMATION_FORMAT = dwarf;
				DEVELOPMENT_TEAM = 9Y37TMD63Q;
				ENABLE_STRICT_OBJC_MSGSEND = YES;
				ENABLE_TESTABILITY = YES;
				ENABLE_USER_SCRIPT_SANDBOXING = YES;
				GCC_C_LANGUAGE_STANDARD = gnu17;
				GCC_DYNAMIC_NO_PIC = NO;
				GCC_NO_COMMON_BLOCKS = YES;
				GCC_OPTIMIZATION_LEVEL = 0;
				GCC_PREPROCESSOR_DEFINITIONS = (
					"DEBUG=1",
					"$(inherited)",
				);
				GCC_WARN_64_TO_32_BIT_CONVERSION = YES;
				GCC_WARN_ABOUT_RETURN_TYPE = YES_ERROR;
				GCC_WARN_UNDECLARED_SELECTOR = YES;
				GCC_WARN_UNINITIALIZED_AUTOS = YES_AGGRESSIVE;
				GCC_WARN_UNUSED_FUNCTION = YES;
				GCC_WARN_UNUSED_VARIABLE = YES;
				LOCALIZATION_PREFERS_STRING_CATALOGS = YES;
				MTL_ENABLE_DEBUG_INFO = INCLUDE_SOURCE;
				MTL_FAST_MATH = YES;
				ONLY_ACTIVE_ARCH = YES;
				SWIFT_ACTIVE_COMPILATION_CONDITIONS = "DEBUG $(inherited)";
				SWIFT_EMIT_LOC_STRINGS = YES;
				SWIFT_OPTIMIZATION_LEVEL = "-Onone";
				SWIFT_VERSION = 6.0;
			};
			name = Debug;
		};
		91A141EE2CDE398A000A74BC /* Release */ = {
			isa = XCBuildConfiguration;
			buildSettings = {
				ALWAYS_SEARCH_USER_PATHS = NO;
				ASSETCATALOG_COMPILER_GENERATE_SWIFT_ASSET_SYMBOL_EXTENSIONS = YES;
				CLANG_ANALYZER_LOCALIZABILITY_NONLOCALIZED = YES;
				CLANG_ANALYZER_NONNULL = YES;
				CLANG_ANALYZER_NUMBER_OBJECT_CONVERSION = YES_AGGRESSIVE;
				CLANG_CXX_LANGUAGE_STANDARD = "gnu++20";
				CLANG_ENABLE_MODULES = YES;
				CLANG_ENABLE_OBJC_ARC = YES;
				CLANG_ENABLE_OBJC_WEAK = YES;
				CLANG_WARN_BLOCK_CAPTURE_AUTORELEASING = YES;
				CLANG_WARN_BOOL_CONVERSION = YES;
				CLANG_WARN_COMMA = YES;
				CLANG_WARN_CONSTANT_CONVERSION = YES;
				CLANG_WARN_DEPRECATED_OBJC_IMPLEMENTATIONS = YES;
				CLANG_WARN_DIRECT_OBJC_ISA_USAGE = YES_ERROR;
				CLANG_WARN_DOCUMENTATION_COMMENTS = YES;
				CLANG_WARN_EMPTY_BODY = YES;
				CLANG_WARN_ENUM_CONVERSION = YES;
				CLANG_WARN_INFINITE_RECURSION = YES;
				CLANG_WARN_INT_CONVERSION = YES;
				CLANG_WARN_NON_LITERAL_NULL_CONVERSION = YES;
				CLANG_WARN_OBJC_IMPLICIT_RETAIN_SELF = YES;
				CLANG_WARN_OBJC_LITERAL_CONVERSION = YES;
				CLANG_WARN_OBJC_ROOT_CLASS = YES_ERROR;
				CLANG_WARN_QUOTED_INCLUDE_IN_FRAMEWORK_HEADER = YES;
				CLANG_WARN_RANGE_LOOP_ANALYSIS = YES;
				CLANG_WARN_STRICT_PROTOTYPES = YES;
				CLANG_WARN_SUSPICIOUS_MOVE = YES;
				CLANG_WARN_UNGUARDED_AVAILABILITY = YES_AGGRESSIVE;
				CLANG_WARN_UNREACHABLE_CODE = YES;
				CLANG_WARN__DUPLICATE_METHOD_MATCH = YES;
				COPY_PHASE_STRIP = NO;
				DEAD_CODE_STRIPPING = YES;
				DEBUG_INFORMATION_FORMAT = "dwarf-with-dsym";
				DEVELOPMENT_TEAM = 9Y37TMD63Q;
				ENABLE_NS_ASSERTIONS = NO;
				ENABLE_STRICT_OBJC_MSGSEND = YES;
				ENABLE_USER_SCRIPT_SANDBOXING = YES;
				GCC_C_LANGUAGE_STANDARD = gnu17;
				GCC_NO_COMMON_BLOCKS = YES;
				GCC_WARN_64_TO_32_BIT_CONVERSION = YES;
				GCC_WARN_ABOUT_RETURN_TYPE = YES_ERROR;
				GCC_WARN_UNDECLARED_SELECTOR = YES;
				GCC_WARN_UNINITIALIZED_AUTOS = YES_AGGRESSIVE;
				GCC_WARN_UNUSED_FUNCTION = YES;
				GCC_WARN_UNUSED_VARIABLE = YES;
				LOCALIZATION_PREFERS_STRING_CATALOGS = YES;
				MTL_ENABLE_DEBUG_INFO = NO;
				MTL_FAST_MATH = YES;
				SWIFT_COMPILATION_MODE = wholemodule;
				SWIFT_EMIT_LOC_STRINGS = YES;
				SWIFT_VERSION = 6.0;
			};
			name = Release;
		};
		91A141F02CDE398A000A74BC /* Debug */ = {
			isa = XCBuildConfiguration;
			buildSettings = {
				ASSETCATALOG_COMPILER_APPICON_NAME = AppIcon;
				ASSETCATALOG_COMPILER_GLOBAL_ACCENT_COLOR_NAME = AccentColor;
				CODE_SIGN_ENTITLEMENTS = swmpc/swmpc.entitlements;
				"CODE_SIGN_IDENTITY[sdk=macosx*]" = "Apple Development";
				CODE_SIGN_STYLE = Automatic;
				CURRENT_PROJECT_VERSION = 8;
				DEAD_CODE_STRIPPING = YES;
				ENABLE_HARDENED_RUNTIME = YES;
				ENABLE_PREVIEWS = NO;
				GENERATE_INFOPLIST_FILE = YES;
				INFOPLIST_FILE = swmpc/Info.plist;
				INFOPLIST_KEY_CFBundleDisplayName = swmpc;
				INFOPLIST_KEY_LSApplicationCategoryType = "public.app-category.music";
				"INFOPLIST_KEY_UIApplicationSceneManifest_Generation[sdk=iphoneos*]" = YES;
				"INFOPLIST_KEY_UIApplicationSceneManifest_Generation[sdk=iphonesimulator*]" = YES;
				"INFOPLIST_KEY_UIApplicationSupportsIndirectInputEvents[sdk=iphoneos*]" = YES;
				"INFOPLIST_KEY_UIApplicationSupportsIndirectInputEvents[sdk=iphonesimulator*]" = YES;
				"INFOPLIST_KEY_UILaunchScreen_Generation[sdk=iphoneos*]" = YES;
				"INFOPLIST_KEY_UILaunchScreen_Generation[sdk=iphonesimulator*]" = YES;
				"INFOPLIST_KEY_UIStatusBarStyle[sdk=iphoneos*]" = UIStatusBarStyleDefault;
				"INFOPLIST_KEY_UIStatusBarStyle[sdk=iphonesimulator*]" = UIStatusBarStyleDefault;
				INFOPLIST_KEY_UISupportedInterfaceOrientations = UIInterfaceOrientationPortrait;
				IPHONEOS_DEPLOYMENT_TARGET = 18.0;
				LD_RUNPATH_SEARCH_PATHS = (
					"$(inherited)",
					"@executable_path/../Frameworks",
				);
				MACOSX_DEPLOYMENT_TARGET = 15.0;
				MARKETING_VERSION = 1.0.6;
				PRODUCT_BUNDLE_IDENTIFIER = com.camille.swmpc;
				PRODUCT_NAME = "$(TARGET_NAME)";
				SDKROOT = auto;
				SUPPORTED_PLATFORMS = "iphoneos iphonesimulator macosx";
				SUPPORTS_MACCATALYST = NO;
				SWIFT_EMIT_LOC_STRINGS = YES;
				SWIFT_VERSION = 6.0;
				TARGETED_DEVICE_FAMILY = 1;
			};
			name = Debug;
		};
		91A141F12CDE398A000A74BC /* Release */ = {
			isa = XCBuildConfiguration;
			buildSettings = {
				ASSETCATALOG_COMPILER_APPICON_NAME = AppIcon;
				ASSETCATALOG_COMPILER_GLOBAL_ACCENT_COLOR_NAME = AccentColor;
				CODE_SIGN_ENTITLEMENTS = swmpc/swmpc.entitlements;
				"CODE_SIGN_IDENTITY[sdk=macosx*]" = "Apple Development";
				CODE_SIGN_STYLE = Automatic;
				CURRENT_PROJECT_VERSION = 8;
				DEAD_CODE_STRIPPING = YES;
				ENABLE_HARDENED_RUNTIME = YES;
				ENABLE_PREVIEWS = NO;
				GENERATE_INFOPLIST_FILE = YES;
				INFOPLIST_FILE = swmpc/Info.plist;
				INFOPLIST_KEY_CFBundleDisplayName = swmpc;
				INFOPLIST_KEY_LSApplicationCategoryType = "public.app-category.music";
				"INFOPLIST_KEY_UIApplicationSceneManifest_Generation[sdk=iphoneos*]" = YES;
				"INFOPLIST_KEY_UIApplicationSceneManifest_Generation[sdk=iphonesimulator*]" = YES;
				"INFOPLIST_KEY_UIApplicationSupportsIndirectInputEvents[sdk=iphoneos*]" = YES;
				"INFOPLIST_KEY_UIApplicationSupportsIndirectInputEvents[sdk=iphonesimulator*]" = YES;
				"INFOPLIST_KEY_UILaunchScreen_Generation[sdk=iphoneos*]" = YES;
				"INFOPLIST_KEY_UILaunchScreen_Generation[sdk=iphonesimulator*]" = YES;
				"INFOPLIST_KEY_UIStatusBarStyle[sdk=iphoneos*]" = UIStatusBarStyleDefault;
				"INFOPLIST_KEY_UIStatusBarStyle[sdk=iphonesimulator*]" = UIStatusBarStyleDefault;
				INFOPLIST_KEY_UISupportedInterfaceOrientations = UIInterfaceOrientationPortrait;
				IPHONEOS_DEPLOYMENT_TARGET = 18.0;
				LD_RUNPATH_SEARCH_PATHS = (
					"$(inherited)",
					"@executable_path/../Frameworks",
				);
				MACOSX_DEPLOYMENT_TARGET = 15.0;
				MARKETING_VERSION = 1.0.6;
				PRODUCT_BUNDLE_IDENTIFIER = com.camille.swmpc;
				PRODUCT_NAME = "$(TARGET_NAME)";
				SDKROOT = auto;
				SUPPORTED_PLATFORMS = "iphoneos iphonesimulator macosx";
				SUPPORTS_MACCATALYST = NO;
				SWIFT_EMIT_LOC_STRINGS = YES;
				SWIFT_VERSION = 6.0;
				TARGETED_DEVICE_FAMILY = 1;
			};
			name = Release;
		};
/* End XCBuildConfiguration section */

/* Begin XCConfigurationList section */
		91A141DB2CDE3987000A74BC /* Build configuration list for PBXProject "swmpc" */ = {
			isa = XCConfigurationList;
			buildConfigurations = (
				91A141ED2CDE398A000A74BC /* Debug */,
				91A141EE2CDE398A000A74BC /* Release */,
			);
			defaultConfigurationIsVisible = 0;
			defaultConfigurationName = Release;
		};
		91A141EF2CDE398A000A74BC /* Build configuration list for PBXNativeTarget "swmpc" */ = {
			isa = XCConfigurationList;
			buildConfigurations = (
				91A141F02CDE398A000A74BC /* Debug */,
				91A141F12CDE398A000A74BC /* Release */,
			);
			defaultConfigurationIsVisible = 0;
			defaultConfigurationName = Release;
		};
/* End XCConfigurationList section */

/* Begin XCRemoteSwiftPackageReference section */
		9114DB402DB11A8500DD5E6E /* XCRemoteSwiftPackageReference "ButtonKit" */ = {
			isa = XCRemoteSwiftPackageReference;
			repositoryURL = "https://github.com/Dean151/ButtonKit";
			requirement = {
				kind = upToNextMajorVersion;
				minimumVersion = 0.6.1;
			};
		};
		9114DB552DBBC73F00DD5E6E /* XCRemoteSwiftPackageReference "swiftui-introspect" */ = {
			isa = XCRemoteSwiftPackageReference;
			repositoryURL = "https://github.com/siteline/swiftui-introspect";
			requirement = {
				kind = upToNextMajorVersion;
				minimumVersion = 1.3.0;
			};
		};
		91489B842D6A6C6C0038092A /* XCRemoteSwiftPackageReference "SFSafeSymbols" */ = {
			isa = XCRemoteSwiftPackageReference;
			repositoryURL = "https://github.com/SFSafeSymbols/SFSafeSymbols";
			requirement = {
				kind = upToNextMajorVersion;
				minimumVersion = 6.0.0;
			};
		};
		91489BC22D7648350038092A /* XCRemoteSwiftPackageReference "OpenAI" */ = {
			isa = XCRemoteSwiftPackageReference;
			repositoryURL = "https://github.com/MacPaw/OpenAI";
			requirement = {
				kind = upToNextMajorVersion;
				minimumVersion = 0.3.6;
			};
		};
		91775F452D934EBC002589C5 /* XCRemoteSwiftPackageReference "LNPopupUI" */ = {
			isa = XCRemoteSwiftPackageReference;
			repositoryURL = "https://github.com/LeoNatan/LNPopupUI";
			requirement = {
				kind = upToNextMajorVersion;
				minimumVersion = 2.0.0;
			};
		};
		91775F5C2D93729F002589C5 /* XCRemoteSwiftPackageReference "Noise" */ = {
			isa = XCRemoteSwiftPackageReference;
			repositoryURL = "https://github.com/heestand-xyz/Noise";
			requirement = {
				kind = upToNextMajorVersion;
				minimumVersion = 2.0.5;
			};
		};
		9185FD1B2D8E188D008E3B29 /* XCRemoteSwiftPackageReference "KeychainStorageKit" */ = {
			isa = XCRemoteSwiftPackageReference;
			repositoryURL = "https://github.com/maxhumber/KeychainStorageKit";
			requirement = {
				kind = upToNextMajorVersion;
				minimumVersion = 1.0.0;
			};
		};
		91A142132CDEA27E000A74BC /* XCRemoteSwiftPackageReference "LaunchAtLogin-Modern" */ = {
			isa = XCRemoteSwiftPackageReference;
			repositoryURL = "https://github.com/sindresorhus/LaunchAtLogin-Modern";
			requirement = {
				kind = upToNextMajorVersion;
				minimumVersion = 1.1.0;
			};
		};
		91F55B382CFE5D300027BBFE /* XCRemoteSwiftPackageReference "swift-async-algorithms" */ = {
			isa = XCRemoteSwiftPackageReference;
			repositoryURL = "https://github.com/apple/swift-async-algorithms.git";
			requirement = {
				kind = upToNextMajorVersion;
				minimumVersion = 1.0.2;
			};
		};
/* End XCRemoteSwiftPackageReference section */

/* Begin XCSwiftPackageProductDependency section */
		9114DB412DB11A8500DD5E6E /* ButtonKit */ = {
			isa = XCSwiftPackageProductDependency;
			package = 9114DB402DB11A8500DD5E6E /* XCRemoteSwiftPackageReference "ButtonKit" */;
			productName = ButtonKit;
		};
		9114DB562DBBC73F00DD5E6E /* SwiftUIIntrospect */ = {
			isa = XCSwiftPackageProductDependency;
			package = 9114DB552DBBC73F00DD5E6E /* XCRemoteSwiftPackageReference "swiftui-introspect" */;
			productName = SwiftUIIntrospect;
		};
		91489B852D6A6C6C0038092A /* SFSafeSymbols */ = {
			isa = XCSwiftPackageProductDependency;
			package = 91489B842D6A6C6C0038092A /* XCRemoteSwiftPackageReference "SFSafeSymbols" */;
			productName = SFSafeSymbols;
		};
		91775F5D2D93729F002589C5 /* Noise */ = {
			isa = XCSwiftPackageProductDependency;
			package = 91775F5C2D93729F002589C5 /* XCRemoteSwiftPackageReference "Noise" */;
			productName = Noise;
		};
		9182FEF02D976DD500FED9D4 /* LNPopupUI-Static */ = {
			isa = XCSwiftPackageProductDependency;
			package = 91775F452D934EBC002589C5 /* XCRemoteSwiftPackageReference "LNPopupUI" */;
			productName = "LNPopupUI-Static";
		};
		9182FEF32D97757000FED9D4 /* OpenAI */ = {
			isa = XCSwiftPackageProductDependency;
			package = 91489BC22D7648350038092A /* XCRemoteSwiftPackageReference "OpenAI" */;
			productName = OpenAI;
		};
		9185FD1C2D8E188D008E3B29 /* KeychainStorageKit */ = {
			isa = XCSwiftPackageProductDependency;
			package = 9185FD1B2D8E188D008E3B29 /* XCRemoteSwiftPackageReference "KeychainStorageKit" */;
			productName = KeychainStorageKit;
		};
		91A142142CDEA27E000A74BC /* LaunchAtLogin */ = {
			isa = XCSwiftPackageProductDependency;
			package = 91A142132CDEA27E000A74BC /* XCRemoteSwiftPackageReference "LaunchAtLogin-Modern" */;
			productName = LaunchAtLogin;
		};
		91F55B392CFE5D300027BBFE /* AsyncAlgorithms */ = {
			isa = XCSwiftPackageProductDependency;
			package = 91F55B382CFE5D300027BBFE /* XCRemoteSwiftPackageReference "swift-async-algorithms" */;
			productName = AsyncAlgorithms;
		};
/* End XCSwiftPackageProductDependency section */
	};
	rootObject = 91A141D82CDE3987000A74BC /* Project object */;
}
