{
  "originHash" : "01e1cb4f9d19d3afca1a2b05fab46965d9ba5988a53178c651ec305153fae5d5",
  "pins" : [
    {
      "identity" : "launchatlogin-modern",
      "kind" : "remoteSourceControl",
      "location" : "https://github.com/sindresorhus/LaunchAtLogin-Modern",
      "state" : {
        "revision" : "a04ec1c363be3627734f6dad757d82f5d4fa8fcc",
        "version" : "1.1.0"
      }
    },
    {
      "identity" : "libmpdclient-swift",
      "kind" : "remoteSourceControl",
      "location" : "https://github.com/zluo01/libmpdclient-swift",
      "state" : {
        "branch" : "main",
        "revision" : "05b518fcc599bb06759e93563341fffcfcd62b32"
      }
    },
    {
      "identity" : "swift-collections",
      "kind" : "remoteSourceControl",
      "location" : "https://github.com/apple/swift-collections.git",
      "state" : {
        "revision" : "671108c96644956dddcd89dd59c203dcdb36cec7",
        "version" : "1.1.4"
      }
    }
  ],
  "version" : 3
}
