{
  "originHash" : "c2aa4cf8e720914b5ff2a5f4837090944f85ccff7a3ea2bd8d3fd2ef46b91d60",
  "pins" : [
    {
      "identity" : "keychainstoragekit",
      "kind" : "remoteSourceControl",
      "location" : "https://github.com/maxhumber/KeychainStorageKit",
      "state" : {
        "revision" : "51b0a88f3ca2eb21a777c588754780f8d296f724",
        "version" : "1.0.0"
      }
    },
    {
      "identity" : "launchatlogin-modern",
      "kind" : "remoteSourceControl",
      "location" : "https://github.com/sindresorhus/LaunchAtLogin-Modern",
      "state" : {
        "revision" : "a04ec1c363be3627734f6dad757d82f5d4fa8fcc",
        "version" : "1.1.0"
      }
    },
    {
      "identity" : "lnpopupcontroller",
      "kind" : "remoteSourceControl",
      "location" : "https://github.com/LeoNatan/LNPopupController.git",
      "state" : {
        "revision" : "e4ea0cfcae207588200f0482742d6af8b3d8404a",
        "version" : "3.0.4"
      }
    },
    {
      "identity" : "lnpopupui",
      "kind" : "remoteSourceControl",
      "location" : "https://github.com/LeoNatan/LNPopupUI",
      "state" : {
        "revision" : "333dfe774cdc276c7909ea7d4c9219a17bcfb656",
        "version" : "2.0.0"
      }
    },
    {
      "identity" : "lnswiftuiutils",
      "kind" : "remoteSourceControl",
      "location" : "https://github.com/LeoNatan/LNSwiftUIUtils.git",
      "state" : {
        "revision" : "7be14fd7942f6b215f4b1912315f9e67266cb082",
        "version" : "1.1.2"
      }
    },
    {
      "identity" : "navigator",
      "kind" : "remoteSourceControl",
      "location" : "https://github.com/hmlongco/Navigator",
      "state" : {
        "revision" : "c86f201c35c6ed621ddd561206f5aec1a5a67dab",
        "version" : "0.9.26"
      }
    },
    {
      "identity" : "noise",
      "kind" : "remoteSourceControl",
      "location" : "https://github.com/heestand-xyz/Noise",
      "state" : {
        "revision" : "9fc3dd5b86995913f4cd58152f4d8d7da245ce7e",
        "version" : "2.0.5"
      }
    },
    {
      "identity" : "openai",
      "kind" : "remoteSourceControl",
      "location" : "https://github.com/MacPaw/OpenAI",
      "state" : {
        "revision" : "58de48f0da70ec743727849245c24a22c03f1ee6",
        "version" : "0.3.8"
      }
    },
    {
      "identity" : "sfsafesymbols",
      "kind" : "remoteSourceControl",
      "location" : "https://github.com/SFSafeSymbols/SFSafeSymbols",
      "state" : {
        "revision" : "3dd282d3269b061853a3b3bcd23a509d2aa166ce",
        "version" : "6.2.0"
      }
    },
    {
      "identity" : "swift-async-algorithms",
      "kind" : "remoteSourceControl",
      "location" : "https://github.com/apple/swift-async-algorithms.git",
      "state" : {
        "revision" : "4c3ea81f81f0a25d0470188459c6d4bf20cf2f97",
        "version" : "1.0.3"
      }
    },
    {
      "identity" : "swift-collections",
      "kind" : "remoteSourceControl",
      "location" : "https://github.com/apple/swift-collections.git",
      "state" : {
        "revision" : "671108c96644956dddcd89dd59c203dcdb36cec7",
        "version" : "1.1.4"
      }
    }
  ],
  "version" : 3
}
